// !$*UTF8*$!
{
	archiveVersion = 1;
	classes = {
	};
	objectVersion = 48;
	objects = {

/* Begin PBXBuildFile section */
		2454E4D321F7796D00A5DF19 /* AppDelegate.swift in Sources */ = {isa = PBXBuildFile; fileRef = 2454E4D221F7796D00A5DF19 /* AppDelegate.swift */; };
		2454E4D521F7796D00A5DF19 /* ViewController.swift in Sources */ = {isa = PBXBuildFile; fileRef = 2454E4D421F7796D00A5DF19 /* ViewController.swift */; };
		2454E4D821F7796E00A5DF19 /* Main.storyboard in Resources */ = {isa = PBXBuildFile; fileRef = 2454E4D621F7796E00A5DF19 /* Main.storyboard */; };
		2454E4DA21F7796E00A5DF19 /* Assets.xcassets in Resources */ = {isa = PBXBuildFile; fileRef = 2454E4D921F7796E00A5DF19 /* Assets.xcassets */; };
		2454E4DD21F7796E00A5DF19 /* LaunchScreen.storyboard in Resources */ = {isa = PBXBuildFile; fileRef = 2454E4DB21F7796E00A5DF19 /* LaunchScreen.storyboard */; };
		2454E4E521F77AAB00A5DF19 /* PlayingCard.swift in Sources */ = {isa = PBXBuildFile; fileRef = 2454E4E421F77AAB00A5DF19 /* PlayingCard.swift */; };
/* End PBXBuildFile section */

/* Begin PBXFileReference section */
		2454E4CF21F7796D00A5DF19 /* CS193PPlayingCard.app */ = {isa = PBXFileReference; explicitFileType = wrapper.application; includeInIndex = 0; path = CS193PPlayingCard.app; sourceTree = BUILT_PRODUCTS_DIR; };
		2454E4D221F7796D00A5DF19 /* AppDelegate.swift */ = {isa = PBXFileReference; lastKnownFileType = sourcecode.swift; path = AppDelegate.swift; sourceTree = "<group>"; };
		2454E4D421F7796D00A5DF19 /* ViewController.swift */ = {isa = PBXFileReference; lastKnownFileType = sourcecode.swift; path = ViewController.swift; sourceTree = "<group>"; };
		2454E4D721F7796E00A5DF19 /* Base */ = {isa = PBXFileReference; lastKnownFileType = file.storyboard; name = Base; path = Base.lproj/Main.storyboard; sourceTree = "<group>"; };
		2454E4D921F7796E00A5DF19 /* Assets.xcassets */ = {isa = PBXFileReference; lastKnownFileType = folder.assetcatalog; path = Assets.xcassets; sourceTree = "<group>"; };
		2454E4DC21F7796E00A5DF19 /* Base */ = {isa = PBXFileReference; lastKnownFileType = file.storyboard; name = Base; path = Base.lproj/LaunchScreen.storyboard; sourceTree = "<group>"; };
		2454E4DE21F7796E00A5DF19 /* Info.plist */ = {isa = PBXFileReference; lastKnownFileType = text.plist.xml; path = Info.plist; sourceTree = "<group>"; };
		2454E4E421F77AAB00A5DF19 /* PlayingCard.swift */ = {isa = PBXFileReference; lastKnownFileType = sourcecode.swift; path = PlayingCard.swift; sourceTree = "<group>"; };
/* End PBXFileReference section */

/* Begin PBXFrameworksBuildPhase section */
		2454E4CC21F7796D00A5DF19 /* Frameworks */ = {
			isa = PBXFrameworksBuildPhase;
			buildActionMask = 2147483647;
			files = (
			);
			runOnlyForDeploymentPostprocessing = 0;
		};
/* End PBXFrameworksBuildPhase section */

/* Begin PBXGroup section */
		2454E4C621F7796D00A5DF19 = {
			isa = PBXGroup;
			children = (
				2454E4D121F7796D00A5DF19 /* CS193PPlayingCard */,
				2454E4D021F7796D00A5DF19 /* Products */,
			);
			sourceTree = "<group>";
		};
		2454E4D021F7796D00A5DF19 /* Products */ = {
			isa = PBXGroup;
			children = (
				2454E4CF21F7796D00A5DF19 /* CS193PPlayingCard.app */,
			);
			name = Products;
			sourceTree = "<group>";
		};
		2454E4D121F7796D00A5DF19 /* CS193PPlayingCard */ = {
			isa = PBXGroup;
			children = (
				2454E4D221F7796D00A5DF19 /* AppDelegate.swift */,
				2454E4D621F7796E00A5DF19 /* Main.storyboard */,
				2454E4E421F77AAB00A5DF19 /* PlayingCard.swift */,
				2454E4D421F7796D00A5DF19 /* ViewController.swift */,
				2454E4D921F7796E00A5DF19 /* Assets.xcassets */,
				2454E4DB21F7796E00A5DF19 /* LaunchScreen.storyboard */,
				2454E4DE21F7796E00A5DF19 /* Info.plist */,
			);
			path = CS193PPlayingCard;
			sourceTree = "<group>";
		};
/* End PBXGroup section */

/* Begin PBXNativeTarget section */
		2454E4CE21F7796D00A5DF19 /* CS193PPlayingCard */ = {
			isa = PBXNativeTarget;
			buildConfigurationList = 2454E4E121F7796E00A5DF19 /* Build configuration list for PBXNativeTarget "CS193PPlayingCard" */;
			buildPhases = (
				2454E4CB21F7796D00A5DF19 /* Sources */,
				2454E4CC21F7796D00A5DF19 /* Frameworks */,
				2454E4CD21F7796D00A5DF19 /* Resources */,
			);
			buildRules = (
			);
			dependencies = (
			);
			name = CS193PPlayingCard;
			productName = CS193PPlayingCard;
			productReference = 2454E4CF21F7796D00A5DF19 /* CS193PPlayingCard.app */;
			productType = "com.apple.product-type.application";
		};
/* End PBXNativeTarget section */

/* Begin PBXProject section */
		2454E4C721F7796D00A5DF19 /* Project object */ = {
			isa = PBXProject;
			attributes = {
				LastSwiftUpdateCheck = 0920;
				LastUpgradeCheck = 0920;
				ORGANIZATIONNAME = "Viktor Bednyi Inc";
				TargetAttributes = {
					2454E4CE21F7796D00A5DF19 = {
						CreatedOnToolsVersion = 9.2;
						ProvisioningStyle = Automatic;
					};
				};
			};
			buildConfigurationList = 2454E4CA21F7796D00A5DF19 /* Build configuration list for PBXProject "CS193PPlayingCard" */;
			compatibilityVersion = "Xcode 8.0";
			developmentRegion = en;
			hasScannedForEncodings = 0;
			knownRegions = (
				en,
				Base,
			);
			mainGroup = 2454E4C621F7796D00A5DF19;
			productRefGroup = 2454E4D021F7796D00A5DF19 /* Products */;
			projectDirPath = "";
			projectRoot = "";
			targets = (
				2454E4CE21F7796D00A5DF19 /* CS193PPlayingCard */,
			);
		};
/* End PBXProject section */

/* Begin PBXResourcesBuildPhase section */
		2454E4CD21F7796D00A5DF19 /* Resources */ = {
			isa = PBXResourcesBuildPhase;
			buildActionMask = 2147483647;
			files = (
				2454E4DD21F7796E00A5DF19 /* LaunchScreen.storyboard in Resources */,
				2454E4DA21F7796E00A5DF19 /* Assets.xcassets in Resources */,
				2454E4D821F7796E00A5DF19 /* Main.storyboard in Resources */,
			);
			runOnlyForDeploymentPostprocessing = 0;
		};
/* End PBXResourcesBuildPhase section */

/* Begin PBXSourcesBuildPhase section */
		2454E4CB21F7796D00A5DF19 /* Sources */ = {
			isa = PBXSourcesBuildPhase;
			buildActionMask = 2147483647;
			files = (
				2454E4D521F7796D00A5DF19 /* ViewController.swift in Sources */,
				2454E4E521F77AAB00A5DF19 /* PlayingCard.swift in Sources */,
				2454E4D321F7796D00A5DF19 /* AppDelegate.swift in Sources */,
			);
			runOnlyForDeploymentPostprocessing = 0;
		};
/* End PBXSourcesBuildPhase section */

/* Begin PBXVariantGroup section */
		2454E4D621F7796E00A5DF19 /* Main.storyboard */ = {
			isa = PBXVariantGroup;
			children = (
				2454E4D721F7796E00A5DF19 /* Base */,
			);
			name = Main.storyboard;
			sourceTree = "<group>";
		};
		2454E4DB21F7796E00A5DF19 /* LaunchScreen.storyboard */ = {
			isa = PBXVariantGroup;
			children = (
				2454E4DC21F7796E00A5DF19 /* Base */,
			);
			name = LaunchScreen.storyboard;
			sourceTree = "<group>";
		};
/* End PBXVariantGroup section */

/* Begin XCBuildConfiguration section */
		2454E4DF21F7796E00A5DF19 /* Debug */ = {
			isa = XCBuildConfiguration;
			buildSettings = {
				ALWAYS_SEARCH_USER_PATHS = NO;
				CLANG_ANALYZER_NONNULL = YES;
				CLANG_ANALYZER_NUMBER_OBJECT_CONVERSION = YES_AGGRESSIVE;
				CLANG_CXX_LANGUAGE_STANDARD = "gnu++14";
				CLANG_CXX_LIBRARY = "libc++";
				CLANG_ENABLE_MODULES = YES;
				CLANG_ENABLE_OBJC_ARC = YES;
				CLANG_WARN_BLOCK_CAPTURE_AUTORELEASING = YES;
				CLANG_WARN_BOOL_CONVERSION = YES;
				CLANG_WARN_COMMA = YES;
				CLANG_WARN_CONSTANT_CONVERSION = YES;
				CLANG_WARN_DIRECT_OBJC_ISA_USAGE = YES_ERROR;
				CLANG_WARN_DOCUMENTATION_COMMENTS = YES;
				CLANG_WARN_EMPTY_BODY = YES;
				CLANG_WARN_ENUM_CONVERSION = YES;
				CLANG_WARN_INFINITE_RECURSION = YES;
				CLANG_WARN_INT_CONVERSION = YES;
				CLANG_WARN_NON_LITERAL_NULL_CONVERSION = YES;
				CLANG_WARN_OBJC_LITERAL_CONVERSION = YES;
				CLANG_WARN_OBJC_ROOT_CLASS = YES_ERROR;
				CLANG_WARN_RANGE_LOOP_ANALYSIS = YES;
				CLANG_WARN_STRICT_PROTOTYPES = YES;
				CLANG_WARN_SUSPICIOUS_MOVE = YES;
				CLANG_WARN_UNGUARDED_AVAILABILITY = YES_AGGRESSIVE;
				CLANG_WARN_UNREACHABLE_CODE = YES;
				CLANG_WARN__DUPLICATE_METHOD_MATCH = YES;
				CODE_SIGN_IDENTITY = "iPhone Developer";
				COPY_PHASE_STRIP = NO;
				DEBUG_INFORMATION_FORMAT = dwarf;
				ENABLE_STRICT_OBJC_MSGSEND = YES;
				ENABLE_TESTABILITY = YES;
				GCC_C_LANGUAGE_STANDARD = gnu11;
				GCC_DYNAMIC_NO_PIC = NO;
				GCC_NO_COMMON_BLOCKS = YES;
				GCC_OPTIMIZATION_LEVEL = 0;
				GCC_PREPROCESSOR_DEFINITIONS = (
					"DEBUG=1",
					"$(inherited)",
				);
				GCC_WARN_64_TO_32_BIT_CONVERSION = YES;
				GCC_WARN_ABOUT_RETURN_TYPE = YES_ERROR;
				GCC_WARN_UNDECLARED_SELECTOR = YES;
				GCC_WARN_UNINITIALIZED_AUTOS = YES_AGGRESSIVE;
				GCC_WARN_UNUSED_FUNCTION = YES;
				GCC_WARN_UNUSED_VARIABLE = YES;
				IPHONEOS_DEPLOYMENT_TARGET = 11.2;
				MTL_ENABLE_DEBUG_INFO = YES;
				ONLY_ACTIVE_ARCH = YES;
				SDKROOT = iphoneos;
				SWIFT_ACTIVE_COMPILATION_CONDITIONS = DEBUG;
				SWIFT_OPTIMIZATION_LEVEL = "-Onone";
			};
			name = Debug;
		};
		2454E4E021F7796E00A5DF19 /* Release */ = {
			isa = XCBuildConfiguration;
			buildSettings = {
				ALWAYS_SEARCH_USER_PATHS = NO;
				CLANG_ANALYZER_NONNULL = YES;
				CLANG_ANALYZER_NUMBER_OBJECT_CONVERSION = YES_AGGRESSIVE;
				CLANG_CXX_LANGUAGE_STANDARD = "gnu++14";
				CLANG_CXX_LIBRARY = "libc++";
				CLANG_ENABLE_MODULES = YES;
				CLANG_ENABLE_OBJC_ARC = YES;
				CLANG_WARN_BLOCK_CAPTURE_AUTORELEASING = YES;
				CLANG_WARN_BOOL_CONVERSION = YES;
				CLANG_WARN_COMMA = YES;
				CLANG_WARN_CONSTANT_CONVERSION = YES;
				CLANG_WARN_DIRECT_OBJC_ISA_USAGE = YES_ERROR;
				CLANG_WARN_DOCUMENTATION_COMMENTS = YES;
				CLANG_WARN_EMPTY_BODY = YES;
				CLANG_WARN_ENUM_CONVERSION = YES;
				CLANG_WARN_INFINITE_RECURSION = YES;
				CLANG_WARN_INT_CONVERSION = YES;
				CLANG_WARN_NON_LITERAL_NULL_CONVERSION = YES;
				CLANG_WARN_OBJC_LITERAL_CONVERSION = YES;
				CLANG_WARN_OBJC_ROOT_CLASS = YES_ERROR;
				CLANG_WARN_RANGE_LOOP_ANALYSIS = YES;
				CLANG_WARN_STRICT_PROTOTYPES = YES;
				CLANG_WARN_SUSPICIOUS_MOVE = YES;
				CLANG_WARN_UNGUARDED_AVAILABILITY = YES_AGGRESSIVE;
				CLANG_WARN_UNREACHABLE_CODE = YES;
				CLANG_WARN__DUPLICATE_METHOD_MATCH = YES;
				CODE_SIGN_IDENTITY = "iPhone Developer";
				COPY_PHASE_STRIP = NO;
				DEBUG_INFORMATION_FORMAT = "dwarf-with-dsym";
				ENABLE_NS_ASSERTIONS = NO;
				ENABLE_STRICT_OBJC_MSGSEND = YES;
				GCC_C_LANGUAGE_STANDARD = gnu11;
				GCC_NO_COMMON_BLOCKS = YES;
				GCC_WARN_64_TO_32_BIT_CONVERSION = YES;
				GCC_WARN_ABOUT_RETURN_TYPE = YES_ERROR;
				GCC_WARN_UNDECLARED_SELECTOR = YES;
				GCC_WARN_UNINITIALIZED_AUTOS = YES_AGGRESSIVE;
				GCC_WARN_UNUSED_FUNCTION = YES;
				GCC_WARN_UNUSED_VARIABLE = YES;
				IPHONEOS_DEPLOYMENT_TARGET = 11.2;
				MTL_ENABLE_DEBUG_INFO = NO;
				SDKROOT = iphoneos;
				SWIFT_OPTIMIZATION_LEVEL = "-Owholemodule";
				VALIDATE_PRODUCT = YES;
			};
			name = Release;
		};
		2454E4E221F7796E00A5DF19 /* Debug */ = {
			isa = XCBuildConfiguration;
			buildSettings = {
				ASSETCATALOG_COMPILER_APPICON_NAME = AppIcon;
				CODE_SIGN_STYLE = Automatic;
				DEVELOPMENT_TEAM = 2U726694BU;
				INFOPLIST_FILE = CS193PPlayingCard/Info.plist;
				LD_RUNPATH_SEARCH_PATHS = "$(inherited) @executable_path/Frameworks";
				PRODUCT_BUNDLE_IDENTIFIER = viktors.new.way.CS193PPlayingCard;
				PRODUCT_NAME = "$(TARGET_NAME)";
				SWIFT_VERSION = 4.0;
				TARGETED_DEVICE_FAMILY = "1,2";
			};
			name = Debug;
		};
		2454E4E321F7796E00A5DF19 /* Release */ = {
			isa = XCBuildConfiguration;
			buildSettings = {
				ASSETCATALOG_COMPILER_APPICON_NAME = AppIcon;
				CODE_SIGN_STYLE = Automatic;
				DEVELOPMENT_TEAM = 2U726694BU;
				INFOPLIST_FILE = CS193PPlayingCard/Info.plist;
				LD_RUNPATH_SEARCH_PATHS = "$(inherited) @executable_path/Frameworks";
				PRODUCT_BUNDLE_IDENTIFIER = viktors.new.way.CS193PPlayingCard;
				PRODUCT_NAME = "$(TARGET_NAME)";
				SWIFT_VERSION = 4.0;
				TARGETED_DEVICE_FAMILY = "1,2";
			};
			name = Release;
		};
/* End XCBuildConfiguration section */

/* Begin XCConfigurationList section */
		2454E4CA21F7796D00A5DF19 /* Build configuration list for PBXProject "CS193PPlayingCard" */ = {
			isa = XCConfigurationList;
			buildConfigurations = (
				2454E4DF21F7796E00A5DF19 /* Debug */,
				2454E4E021F7796E00A5DF19 /* Release */,
			);
			defaultConfigurationIsVisible = 0;
			defaultConfigurationName = Release;
		};
		2454E4E121F7796E00A5DF19 /* Build configuration list for PBXNativeTarget "CS193PPlayingCard" */ = {
			isa = XCConfigurationList;
			buildConfigurations = (
				2454E4E221F7796E00A5DF19 /* Debug */,
				2454E4E321F7796E00A5DF19 /* Release */,
			);
			defaultConfigurationIsVisible = 0;
			defaultConfigurationName = Release;
		};
/* End XCConfigurationList section */
	};
	rootObject = 2454E4C721F7796D00A5DF19 /* Project object */;
}
